
Microsoft Visual Studio Solution File, Format Version 12.00
# Visual Studio Version 16
VisualStudioVersion = 16.0.31410.357
MinimumVisualStudioVersion = 10.0.40219.1
Project("{9A19103F-16F7-4668-BE54-9A1E7A4F7556}") = "StockDemoAPI", "StockDemoAPI.csproj", "{75700130-77EA-42AE-A120-40FDD84A3082}"
EndProject
Project("{2150E333-8FDC-42A3-9474-1A3956D46DE8}") = "Gateway", "Gateway", "{F35C0297-D9C9-4CDA-8D47-451A5E778637}"
EndProject
Project("{2150E333-8FDC-42A3-9474-1A3956D46DE8}") = "Services", "Services", "{34DBEEDF-ADEE-446F-A05F-0783C109F7E3}"
EndProject
Project("{2150E333-8FDC-42A3-9474-1A3956D46DE8}") = "Entities", "Entities", "{FC4C2625-7D9D-4AB9-BAF5-B2010599CDF3}"
EndProject
Project("{2150E333-8FDC-42A3-9474-1A3956D46DE8}") = "Infrastructure", "Infrastructure", "{DD0AA856-3C9B-4202-B733-241D1F5FB768}"
EndProject
Project("{9A19103F-16F7-4668-BE54-9A1E7A4F7556}") = "StockDemo.Infrastructure", "..\Infrastructure\StockDemo.Infrastructure.csproj", "{68DE5D3D-2FF3-4ADE-9D79-ADE01D0DA2C7}"
EndProject
Project("{9A19103F-16F7-4668-BE54-9A1E7A4F7556}") = "StockDemo.Services", "..\StockDemo.Services\StockDemo.Services.csproj", "{754CFF47-E3F1-4A5B-A5BA-82201F3BD7DC}"
EndProject
Project("{2150E333-8FDC-42A3-9474-1A3956D46DE8}") = "Test", "Test", "{1717395D-AD48-4065-9C2A-7571985338A0}"
EndProject
Project("{9A19103F-16F7-4668-BE54-9A1E7A4F7556}") = "StockDemoTest", "..\StockDemoTest\StockDemoTest.csproj", "{5E21D333-B38E-4C2B-AB73-66BFF8BC1435}"
EndProject
Project("{9A19103F-16F7-4668-BE54-9A1E7A4F7556}") = "StockDemoMvc", "..\StockDemoMvc\StockDemoMvc.csproj", "{6F605802-C9C6-4930-B103-65D1E859D4D4}"
EndProject
Project("{9A19103F-16F7-4668-BE54-9A1E7A4F7556}") = "StockDemo.Entities", "..\Entities\StockDemo.Entities.csproj", "{6F33ED8C-3FA7-4BFA-8D78-1B7EBD1D521B}"
EndProject
Global
	GlobalSection(SolutionConfigurationPlatforms) = preSolution
		Debug|Any CPU = Debug|Any CPU
		Release|Any CPU = Release|Any CPU
	EndGlobalSection
	GlobalSection(ProjectConfigurationPlatforms) = postSolution
		{75700130-77EA-42AE-A120-40FDD84A3082}.Debug|Any CPU.ActiveCfg = Debug|Any CPU
		{75700130-77EA-42AE-A120-40FDD84A3082}.Debug|Any CPU.Build.0 = Debug|Any CPU
		{75700130-77EA-42AE-A120-40FDD84A3082}.Release|Any CPU.ActiveCfg = Release|Any CPU
		{75700130-77EA-42AE-A120-40FDD84A3082}.Release|Any CPU.Build.0 = Release|Any CPU
		{68DE5D3D-2FF3-4ADE-9D79-ADE01D0DA2C7}.Debug|Any CPU.ActiveCfg = Debug|Any CPU
		{68DE5D3D-2FF3-4ADE-9D79-ADE01D0DA2C7}.Debug|Any CPU.Build.0 = Debug|Any CPU
		{68DE5D3D-2FF3-4ADE-9D79-ADE01D0DA2C7}.Release|Any CPU.ActiveCfg = Release|Any CPU
		{68DE5D3D-2FF3-4ADE-9D79-ADE01D0DA2C7}.Release|Any CPU.Build.0 = Release|Any CPU
		{754CFF47-E3F1-4A5B-A5BA-82201F3BD7DC}.Debug|Any CPU.ActiveCfg = Debug|Any CPU
		{754CFF47-E3F1-4A5B-A5BA-82201F3BD7DC}.Debug|Any CPU.Build.0 = Debug|Any CPU
		{754CFF47-E3F1-4A5B-A5BA-82201F3BD7DC}.Release|Any CPU.ActiveCfg = Release|Any CPU
		{754CFF47-E3F1-4A5B-A5BA-82201F3BD7DC}.Release|Any CPU.Build.0 = Release|Any CPU
		{5E21D333-B38E-4C2B-AB73-66BFF8BC1435}.Debug|Any CPU.ActiveCfg = Debug|Any CPU
		{5E21D333-B38E-4C2B-AB73-66BFF8BC1435}.Debug|Any CPU.Build.0 = Debug|Any CPU
		{5E21D333-B38E-4C2B-AB73-66BFF8BC1435}.Release|Any CPU.ActiveCfg = Release|Any CPU
		{5E21D333-B38E-4C2B-AB73-66BFF8BC1435}.Release|Any CPU.Build.0 = Release|Any CPU
		{6F605802-C9C6-4930-B103-65D1E859D4D4}.Debug|Any CPU.ActiveCfg = Debug|Any CPU
		{6F605802-C9C6-4930-B103-65D1E859D4D4}.Debug|Any CPU.Build.0 = Debug|Any CPU
		{6F605802-C9C6-4930-B103-65D1E859D4D4}.Release|Any CPU.ActiveCfg = Release|Any CPU
		{6F605802-C9C6-4930-B103-65D1E859D4D4}.Release|Any CPU.Build.0 = Release|Any CPU
		{6F33ED8C-3FA7-4BFA-8D78-1B7EBD1D521B}.Debug|Any CPU.ActiveCfg = Debug|Any CPU
		{6F33ED8C-3FA7-4BFA-8D78-1B7EBD1D521B}.Debug|Any CPU.Build.0 = Debug|Any CPU
		{6F33ED8C-3FA7-4BFA-8D78-1B7EBD1D521B}.Release|Any CPU.ActiveCfg = Release|Any CPU
		{6F33ED8C-3FA7-4BFA-8D78-1B7EBD1D521B}.Release|Any CPU.Build.0 = Release|Any CPU
	EndGlobalSection
	GlobalSection(SolutionProperties) = preSolution
		HideSolutionNode = FALSE
	EndGlobalSection
	GlobalSection(NestedProjects) = preSolution
		{75700130-77EA-42AE-A120-40FDD84A3082} = {F35C0297-D9C9-4CDA-8D47-451A5E778637}
		{68DE5D3D-2FF3-4ADE-9D79-ADE01D0DA2C7} = {DD0AA856-3C9B-4202-B733-241D1F5FB768}
		{754CFF47-E3F1-4A5B-A5BA-82201F3BD7DC} = {34DBEEDF-ADEE-446F-A05F-0783C109F7E3}
		{5E21D333-B38E-4C2B-AB73-66BFF8BC1435} = {1717395D-AD48-4065-9C2A-7571985338A0}
		{6F605802-C9C6-4930-B103-65D1E859D4D4} = {F35C0297-D9C9-4CDA-8D47-451A5E778637}
		{6F33ED8C-3FA7-4BFA-8D78-1B7EBD1D521B} = {FC4C2625-7D9D-4AB9-BAF5-B2010599CDF3}
	EndGlobalSection
	GlobalSection(ExtensibilityGlobals) = postSolution
		SolutionGuid = {FBE38D68-D988-4EFE-8B90-9F346449E7BF}
	EndGlobalSection
EndGlobal
